# @generated by Move, please check-in and do not edit manually.

[move]
version = 3
manifest_digest = "7B277728B07408121741E8951089163E3486E795FD20D89169601B07C63D63FD"
deps_digest = "F8BBB0CCB2491CA29A3DF03D6F92277A4F3574266507ACD77214D37ECA3F3082"
dependencies = [
  { id = "Sui", name = "Sui" },
]

[[move.package]]
id = "MoveStdlib"
source = { git = "https://github.com/MystenLabs/sui.git", rev = "framework/mainnet", subdir = "crates/sui-framework/packages/move-stdlib" }

[[move.package]]
id = "Sui"
source = { git = "https://github.com/MystenLabs/sui.git", rev = "framework/mainnet", subdir = "crates/sui-framework/packages/sui-framework" }

dependencies = [
  { id = "MoveStdlib", name = "MoveStdlib" },
]

[move.toolchain-version]
compiler-version = "1.42.2"
edition = "2024.beta"
flavor = "sui"

[env]

[env.mainnet]
chain-id = "35834a8a"
original-published-id = "0x9e7fdfa642bb62797512099626a03159fb4b349f07e7fab371312ad5d7320e14"
latest-published-id = "0x9e7fdfa642bb62797512099626a03159fb4b349f07e7fab371312ad5d7320e14"
published-version = "1"
